
Microsoft Visual Studio Solution File, Format Version 12.00
Project("{FAE04EC0-301F-11D3-BF4B-00C04F79EFBC}") = "AdventOfCode2022", "AdventOfCode2022\AdventOfCode2022.csproj", "{BCEF7BBD-1F12-48F0-950C-EEFA84C4C94F}"
EndProject
Project("{FAE04EC0-301F-11D3-BF4B-00C04F79EFBC}") = "Day_01", "Day_01\Day_01.csproj", "{38023F3B-E886-4FF0-8669-8C659C124DA5}"
EndProject
Project("{FAE04EC0-301F-11D3-BF4B-00C04F79EFBC}") = "Day_02", "Day_02\Day_02.csproj", "{E7A10B3E-487D-4235-BB95-D8C0C324DB51}"
EndProject
Project("{FAE04EC0-301F-11D3-BF4B-00C04F79EFBC}") = "Core", "Core\Core.csproj", "{AD13F1AA-6047-49BE-B385-5AAE4023889C}"
EndProject
Project("{2150E333-8FDC-42A3-9474-1A3956D46DE8}") = "Tests", "Tests", "{8E89763E-E666-46E4-A5DD-2A34E16B6B6B}"
EndProject
Project("{FAE04EC0-301F-11D3-BF4B-00C04F79EFBC}") = "Day_02.Tests", "Tests\Day_02.Tests\Day_02.Tests.csproj", "{00F3091D-3190-40E4-9C1C-49B7E65BD6E3}"
EndProject
Project("{FAE04EC0-301F-11D3-BF4B-00C04F79EFBC}") = "Day_03", "Day_03\Day_03.csproj", "{AAB87A14-14BC-46ED-923F-AF4DC78DDFCB}"
EndProject
Project("{FAE04EC0-301F-11D3-BF4B-00C04F79EFBC}") = "Day_03.Tests", "Tests\Day_03.Tests\Day_03.Tests.csproj", "{D6474508-1CF0-45AF-A909-2E2CC3267A25}"
EndProject
Global
	GlobalSection(SolutionConfigurationPlatforms) = preSolution
		Debug|Any CPU = Debug|Any CPU
		Release|Any CPU = Release|Any CPU
	EndGlobalSection
	GlobalSection(ProjectConfigurationPlatforms) = postSolution
		{BCEF7BBD-1F12-48F0-950C-EEFA84C4C94F}.Debug|Any CPU.ActiveCfg = Debug|Any CPU
		{BCEF7BBD-1F12-48F0-950C-EEFA84C4C94F}.Debug|Any CPU.Build.0 = Debug|Any CPU
		{BCEF7BBD-1F12-48F0-950C-EEFA84C4C94F}.Release|Any CPU.ActiveCfg = Release|Any CPU
		{BCEF7BBD-1F12-48F0-950C-EEFA84C4C94F}.Release|Any CPU.Build.0 = Release|Any CPU
		{38023F3B-E886-4FF0-8669-8C659C124DA5}.Debug|Any CPU.ActiveCfg = Debug|Any CPU
		{38023F3B-E886-4FF0-8669-8C659C124DA5}.Debug|Any CPU.Build.0 = Debug|Any CPU
		{38023F3B-E886-4FF0-8669-8C659C124DA5}.Release|Any CPU.ActiveCfg = Release|Any CPU
		{38023F3B-E886-4FF0-8669-8C659C124DA5}.Release|Any CPU.Build.0 = Release|Any CPU
		{E7A10B3E-487D-4235-BB95-D8C0C324DB51}.Debug|Any CPU.ActiveCfg = Debug|Any CPU
		{E7A10B3E-487D-4235-BB95-D8C0C324DB51}.Debug|Any CPU.Build.0 = Debug|Any CPU
		{E7A10B3E-487D-4235-BB95-D8C0C324DB51}.Release|Any CPU.ActiveCfg = Release|Any CPU
		{E7A10B3E-487D-4235-BB95-D8C0C324DB51}.Release|Any CPU.Build.0 = Release|Any CPU
		{8B8802B8-FE18-4805-A990-C80A2EF05553}.Debug|Any CPU.ActiveCfg = Debug|Any CPU
		{8B8802B8-FE18-4805-A990-C80A2EF05553}.Debug|Any CPU.Build.0 = Debug|Any CPU
		{8B8802B8-FE18-4805-A990-C80A2EF05553}.Release|Any CPU.ActiveCfg = Release|Any CPU
		{8B8802B8-FE18-4805-A990-C80A2EF05553}.Release|Any CPU.Build.0 = Release|Any CPU
		{AD13F1AA-6047-49BE-B385-5AAE4023889C}.Debug|Any CPU.ActiveCfg = Debug|Any CPU
		{AD13F1AA-6047-49BE-B385-5AAE4023889C}.Debug|Any CPU.Build.0 = Debug|Any CPU
		{AD13F1AA-6047-49BE-B385-5AAE4023889C}.Release|Any CPU.ActiveCfg = Release|Any CPU
		{AD13F1AA-6047-49BE-B385-5AAE4023889C}.Release|Any CPU.Build.0 = Release|Any CPU
		{00F3091D-3190-40E4-9C1C-49B7E65BD6E3}.Debug|Any CPU.ActiveCfg = Debug|Any CPU
		{00F3091D-3190-40E4-9C1C-49B7E65BD6E3}.Debug|Any CPU.Build.0 = Debug|Any CPU
		{00F3091D-3190-40E4-9C1C-49B7E65BD6E3}.Release|Any CPU.ActiveCfg = Release|Any CPU
		{00F3091D-3190-40E4-9C1C-49B7E65BD6E3}.Release|Any CPU.Build.0 = Release|Any CPU
		{AAB87A14-14BC-46ED-923F-AF4DC78DDFCB}.Debug|Any CPU.ActiveCfg = Debug|Any CPU
		{AAB87A14-14BC-46ED-923F-AF4DC78DDFCB}.Debug|Any CPU.Build.0 = Debug|Any CPU
		{AAB87A14-14BC-46ED-923F-AF4DC78DDFCB}.Release|Any CPU.ActiveCfg = Release|Any CPU
		{AAB87A14-14BC-46ED-923F-AF4DC78DDFCB}.Release|Any CPU.Build.0 = Release|Any CPU
		{D6474508-1CF0-45AF-A909-2E2CC3267A25}.Debug|Any CPU.ActiveCfg = Debug|Any CPU
		{D6474508-1CF0-45AF-A909-2E2CC3267A25}.Debug|Any CPU.Build.0 = Debug|Any CPU
		{D6474508-1CF0-45AF-A909-2E2CC3267A25}.Release|Any CPU.ActiveCfg = Release|Any CPU
		{D6474508-1CF0-45AF-A909-2E2CC3267A25}.Release|Any CPU.Build.0 = Release|Any CPU
	EndGlobalSection
	GlobalSection(NestedProjects) = preSolution
		{00F3091D-3190-40E4-9C1C-49B7E65BD6E3} = {8E89763E-E666-46E4-A5DD-2A34E16B6B6B}
		{D6474508-1CF0-45AF-A909-2E2CC3267A25} = {8E89763E-E666-46E4-A5DD-2A34E16B6B6B}
	EndGlobalSection
EndGlobal
