
Microsoft Visual Studio Solution File, Format Version 12.00
Project("{FAE04EC0-301F-11D3-BF4B-00C04F79EFBC}") = "Day_01", "Day_01\Day_01.csproj", "{38023F3B-E886-4FF0-8669-8C659C124DA5}"
EndProject
Project("{FAE04EC0-301F-11D3-BF4B-00C04F79EFBC}") = "Day_02", "Day_02\Day_02.csproj", "{E7A10B3E-487D-4235-BB95-D8C0C324DB51}"
EndProject
Project("{FAE04EC0-301F-11D3-BF4B-00C04F79EFBC}") = "Core", "Core\Core.csproj", "{AD13F1AA-6047-49BE-B385-5AAE4023889C}"
EndProject
Project("{2150E333-8FDC-42A3-9474-1A3956D46DE8}") = "Tests", "Tests", "{8E89763E-E666-46E4-A5DD-2A34E16B6B6B}"
EndProject
Project("{FAE04EC0-301F-11D3-BF4B-00C04F79EFBC}") = "Day_02.Tests", "Tests\Day_02.Tests\Day_02.Tests.csproj", "{00F3091D-3190-40E4-9C1C-49B7E65BD6E3}"
EndProject
Project("{FAE04EC0-301F-11D3-BF4B-00C04F79EFBC}") = "Day_03", "Day_03\Day_03.csproj", "{AAB87A14-14BC-46ED-923F-AF4DC78DDFCB}"
EndProject
Project("{FAE04EC0-301F-11D3-BF4B-00C04F79EFBC}") = "Day_03.Tests", "Tests\Day_03.Tests\Day_03.Tests.csproj", "{D6474508-1CF0-45AF-A909-2E2CC3267A25}"
EndProject
Project("{FAE04EC0-301F-11D3-BF4B-00C04F79EFBC}") = "Day_04", "Day_04\Day_04.csproj", "{5A990067-C993-486B-92B1-B042C781F1C5}"
EndProject
Project("{FAE04EC0-301F-11D3-BF4B-00C04F79EFBC}") = "Day_04.Tests", "Tests\Day_04.Tests\Day_04.Tests.csproj", "{BCF54154-8383-4868-97BD-C070EB3E3BD7}"
EndProject
Project("{FAE04EC0-301F-11D3-BF4B-00C04F79EFBC}") = "Day_05", "Day_05\Day_05.csproj", "{4008C079-5D94-4FE7-9FE0-C809EC976A7A}"
EndProject
Project("{FAE04EC0-301F-11D3-BF4B-00C04F79EFBC}") = "Day_05.Tests", "Tests\Day_05.Tests\Day_05.Tests.csproj", "{519D593F-4935-440D-92A3-C298306AECE2}"
EndProject
Project("{FAE04EC0-301F-11D3-BF4B-00C04F79EFBC}") = "Day_06", "Day_06\Day_06.csproj", "{8AAB770D-7809-4137-87CF-BE8D853E4972}"
EndProject
Project("{FAE04EC0-301F-11D3-BF4B-00C04F79EFBC}") = "Day_06.Tests", "Tests\Day_06.Tests\Day_06.Tests.csproj", "{F9B66B00-F774-49EC-9049-69DA118CE988}"
EndProject
Project("{FAE04EC0-301F-11D3-BF4B-00C04F79EFBC}") = "Day_07", "Day_07\Day_07.csproj", "{22A522A5-A6A3-4C07-8EEB-E199E1A7AD2F}"
EndProject
Project("{FAE04EC0-301F-11D3-BF4B-00C04F79EFBC}") = "Day_07.Tests", "Tests\Day_07.Tests\Day_07.Tests.csproj", "{8F82E341-B3E8-4EFC-BB51-B0F3C8231FC9}"
EndProject
Project("{FAE04EC0-301F-11D3-BF4B-00C04F79EFBC}") = "Day_08", "Day_08\Day_08.csproj", "{C3B0C872-4393-40EC-853E-4478D519D06F}"
EndProject
Project("{FAE04EC0-301F-11D3-BF4B-00C04F79EFBC}") = "Day_08.Tests", "Tests\Day_08.Tests\Day_08.Tests.csproj", "{225D111F-EF2B-4899-9F12-436F9322D429}"
EndProject
Global
	GlobalSection(SolutionConfigurationPlatforms) = preSolution
		Debug|Any CPU = Debug|Any CPU
		Release|Any CPU = Release|Any CPU
	EndGlobalSection
	GlobalSection(ProjectConfigurationPlatforms) = postSolution
		{38023F3B-E886-4FF0-8669-8C659C124DA5}.Debug|Any CPU.ActiveCfg = Debug|Any CPU
		{38023F3B-E886-4FF0-8669-8C659C124DA5}.Debug|Any CPU.Build.0 = Debug|Any CPU
		{38023F3B-E886-4FF0-8669-8C659C124DA5}.Release|Any CPU.ActiveCfg = Release|Any CPU
		{38023F3B-E886-4FF0-8669-8C659C124DA5}.Release|Any CPU.Build.0 = Release|Any CPU
		{E7A10B3E-487D-4235-BB95-D8C0C324DB51}.Debug|Any CPU.ActiveCfg = Debug|Any CPU
		{E7A10B3E-487D-4235-BB95-D8C0C324DB51}.Debug|Any CPU.Build.0 = Debug|Any CPU
		{E7A10B3E-487D-4235-BB95-D8C0C324DB51}.Release|Any CPU.ActiveCfg = Release|Any CPU
		{E7A10B3E-487D-4235-BB95-D8C0C324DB51}.Release|Any CPU.Build.0 = Release|Any CPU
		{8B8802B8-FE18-4805-A990-C80A2EF05553}.Debug|Any CPU.ActiveCfg = Debug|Any CPU
		{8B8802B8-FE18-4805-A990-C80A2EF05553}.Debug|Any CPU.Build.0 = Debug|Any CPU
		{8B8802B8-FE18-4805-A990-C80A2EF05553}.Release|Any CPU.ActiveCfg = Release|Any CPU
		{8B8802B8-FE18-4805-A990-C80A2EF05553}.Release|Any CPU.Build.0 = Release|Any CPU
		{AD13F1AA-6047-49BE-B385-5AAE4023889C}.Debug|Any CPU.ActiveCfg = Debug|Any CPU
		{AD13F1AA-6047-49BE-B385-5AAE4023889C}.Debug|Any CPU.Build.0 = Debug|Any CPU
		{AD13F1AA-6047-49BE-B385-5AAE4023889C}.Release|Any CPU.ActiveCfg = Release|Any CPU
		{AD13F1AA-6047-49BE-B385-5AAE4023889C}.Release|Any CPU.Build.0 = Release|Any CPU
		{00F3091D-3190-40E4-9C1C-49B7E65BD6E3}.Debug|Any CPU.ActiveCfg = Debug|Any CPU
		{00F3091D-3190-40E4-9C1C-49B7E65BD6E3}.Debug|Any CPU.Build.0 = Debug|Any CPU
		{00F3091D-3190-40E4-9C1C-49B7E65BD6E3}.Release|Any CPU.ActiveCfg = Release|Any CPU
		{00F3091D-3190-40E4-9C1C-49B7E65BD6E3}.Release|Any CPU.Build.0 = Release|Any CPU
		{AAB87A14-14BC-46ED-923F-AF4DC78DDFCB}.Debug|Any CPU.ActiveCfg = Debug|Any CPU
		{AAB87A14-14BC-46ED-923F-AF4DC78DDFCB}.Debug|Any CPU.Build.0 = Debug|Any CPU
		{AAB87A14-14BC-46ED-923F-AF4DC78DDFCB}.Release|Any CPU.ActiveCfg = Release|Any CPU
		{AAB87A14-14BC-46ED-923F-AF4DC78DDFCB}.Release|Any CPU.Build.0 = Release|Any CPU
		{D6474508-1CF0-45AF-A909-2E2CC3267A25}.Debug|Any CPU.ActiveCfg = Debug|Any CPU
		{D6474508-1CF0-45AF-A909-2E2CC3267A25}.Debug|Any CPU.Build.0 = Debug|Any CPU
		{D6474508-1CF0-45AF-A909-2E2CC3267A25}.Release|Any CPU.ActiveCfg = Release|Any CPU
		{D6474508-1CF0-45AF-A909-2E2CC3267A25}.Release|Any CPU.Build.0 = Release|Any CPU
		{5A990067-C993-486B-92B1-B042C781F1C5}.Debug|Any CPU.ActiveCfg = Debug|Any CPU
		{5A990067-C993-486B-92B1-B042C781F1C5}.Debug|Any CPU.Build.0 = Debug|Any CPU
		{5A990067-C993-486B-92B1-B042C781F1C5}.Release|Any CPU.ActiveCfg = Release|Any CPU
		{5A990067-C993-486B-92B1-B042C781F1C5}.Release|Any CPU.Build.0 = Release|Any CPU
		{BCF54154-8383-4868-97BD-C070EB3E3BD7}.Debug|Any CPU.ActiveCfg = Debug|Any CPU
		{BCF54154-8383-4868-97BD-C070EB3E3BD7}.Debug|Any CPU.Build.0 = Debug|Any CPU
		{BCF54154-8383-4868-97BD-C070EB3E3BD7}.Release|Any CPU.ActiveCfg = Release|Any CPU
		{BCF54154-8383-4868-97BD-C070EB3E3BD7}.Release|Any CPU.Build.0 = Release|Any CPU
		{4008C079-5D94-4FE7-9FE0-C809EC976A7A}.Debug|Any CPU.ActiveCfg = Debug|Any CPU
		{4008C079-5D94-4FE7-9FE0-C809EC976A7A}.Debug|Any CPU.Build.0 = Debug|Any CPU
		{4008C079-5D94-4FE7-9FE0-C809EC976A7A}.Release|Any CPU.ActiveCfg = Release|Any CPU
		{4008C079-5D94-4FE7-9FE0-C809EC976A7A}.Release|Any CPU.Build.0 = Release|Any CPU
		{519D593F-4935-440D-92A3-C298306AECE2}.Debug|Any CPU.ActiveCfg = Debug|Any CPU
		{519D593F-4935-440D-92A3-C298306AECE2}.Debug|Any CPU.Build.0 = Debug|Any CPU
		{519D593F-4935-440D-92A3-C298306AECE2}.Release|Any CPU.ActiveCfg = Release|Any CPU
		{519D593F-4935-440D-92A3-C298306AECE2}.Release|Any CPU.Build.0 = Release|Any CPU
		{8AAB770D-7809-4137-87CF-BE8D853E4972}.Debug|Any CPU.ActiveCfg = Debug|Any CPU
		{8AAB770D-7809-4137-87CF-BE8D853E4972}.Debug|Any CPU.Build.0 = Debug|Any CPU
		{8AAB770D-7809-4137-87CF-BE8D853E4972}.Release|Any CPU.ActiveCfg = Release|Any CPU
		{8AAB770D-7809-4137-87CF-BE8D853E4972}.Release|Any CPU.Build.0 = Release|Any CPU
		{F9B66B00-F774-49EC-9049-69DA118CE988}.Debug|Any CPU.ActiveCfg = Debug|Any CPU
		{F9B66B00-F774-49EC-9049-69DA118CE988}.Debug|Any CPU.Build.0 = Debug|Any CPU
		{F9B66B00-F774-49EC-9049-69DA118CE988}.Release|Any CPU.ActiveCfg = Release|Any CPU
		{F9B66B00-F774-49EC-9049-69DA118CE988}.Release|Any CPU.Build.0 = Release|Any CPU
		{22A522A5-A6A3-4C07-8EEB-E199E1A7AD2F}.Debug|Any CPU.ActiveCfg = Debug|Any CPU
		{22A522A5-A6A3-4C07-8EEB-E199E1A7AD2F}.Debug|Any CPU.Build.0 = Debug|Any CPU
		{22A522A5-A6A3-4C07-8EEB-E199E1A7AD2F}.Release|Any CPU.ActiveCfg = Release|Any CPU
		{22A522A5-A6A3-4C07-8EEB-E199E1A7AD2F}.Release|Any CPU.Build.0 = Release|Any CPU
		{8F82E341-B3E8-4EFC-BB51-B0F3C8231FC9}.Debug|Any CPU.ActiveCfg = Debug|Any CPU
		{8F82E341-B3E8-4EFC-BB51-B0F3C8231FC9}.Debug|Any CPU.Build.0 = Debug|Any CPU
		{8F82E341-B3E8-4EFC-BB51-B0F3C8231FC9}.Release|Any CPU.ActiveCfg = Release|Any CPU
		{8F82E341-B3E8-4EFC-BB51-B0F3C8231FC9}.Release|Any CPU.Build.0 = Release|Any CPU
		{C3B0C872-4393-40EC-853E-4478D519D06F}.Debug|Any CPU.ActiveCfg = Debug|Any CPU
		{C3B0C872-4393-40EC-853E-4478D519D06F}.Debug|Any CPU.Build.0 = Debug|Any CPU
		{C3B0C872-4393-40EC-853E-4478D519D06F}.Release|Any CPU.ActiveCfg = Release|Any CPU
		{C3B0C872-4393-40EC-853E-4478D519D06F}.Release|Any CPU.Build.0 = Release|Any CPU
		{225D111F-EF2B-4899-9F12-436F9322D429}.Debug|Any CPU.ActiveCfg = Debug|Any CPU
		{225D111F-EF2B-4899-9F12-436F9322D429}.Debug|Any CPU.Build.0 = Debug|Any CPU
		{225D111F-EF2B-4899-9F12-436F9322D429}.Release|Any CPU.ActiveCfg = Release|Any CPU
		{225D111F-EF2B-4899-9F12-436F9322D429}.Release|Any CPU.Build.0 = Release|Any CPU
	EndGlobalSection
	GlobalSection(NestedProjects) = preSolution
		{00F3091D-3190-40E4-9C1C-49B7E65BD6E3} = {8E89763E-E666-46E4-A5DD-2A34E16B6B6B}
		{D6474508-1CF0-45AF-A909-2E2CC3267A25} = {8E89763E-E666-46E4-A5DD-2A34E16B6B6B}
		{BCF54154-8383-4868-97BD-C070EB3E3BD7} = {8E89763E-E666-46E4-A5DD-2A34E16B6B6B}
		{519D593F-4935-440D-92A3-C298306AECE2} = {8E89763E-E666-46E4-A5DD-2A34E16B6B6B}
		{F9B66B00-F774-49EC-9049-69DA118CE988} = {8E89763E-E666-46E4-A5DD-2A34E16B6B6B}
		{8F82E341-B3E8-4EFC-BB51-B0F3C8231FC9} = {8E89763E-E666-46E4-A5DD-2A34E16B6B6B}
		{225D111F-EF2B-4899-9F12-436F9322D429} = {8E89763E-E666-46E4-A5DD-2A34E16B6B6B}
	EndGlobalSection
EndGlobal
